// !$*UTF8*$!
{
	archiveVersion = 1;
	classes = {
	};
	objectVersion = 50;
	objects = {

/* Begin PBXBuildFile section */
		33D650732410C4F400FBCA08 /* AppDelegate.swift in Sources */ = {isa = PBXBuildFile; fileRef = 33D650722410C4F400FBCA08 /* AppDelegate.swift */; };
		33D650752410C4F400FBCA08 /* SceneDelegate.swift in Sources */ = {isa = PBXBuildFile; fileRef = 33D650742410C4F400FBCA08 /* SceneDelegate.swift */; };
		33D650772410C4F400FBCA08 /* ContentView.swift in Sources */ = {isa = PBXBuildFile; fileRef = 33D650762410C4F400FBCA08 /* ContentView.swift */; };
		33D650792410C4F500FBCA08 /* Assets.xcassets in Resources */ = {isa = PBXBuildFile; fileRef = 33D650782410C4F500FBCA08 /* Assets.xcassets */; };
		33D6507C2410C4F500FBCA08 /* Preview Assets.xcassets in Resources */ = {isa = PBXBuildFile; fileRef = 33D6507B2410C4F500FBCA08 /* Preview Assets.xcassets */; };
		33D6507F2410C4F500FBCA08 /* LaunchScreen.storyboard in Resources */ = {isa = PBXBuildFile; fileRef = 33D6507D2410C4F500FBCA08 /* LaunchScreen.storyboard */; };
		33D6508A2410C4F600FBCA08 /* SwiftUI_TodoExampleTests.swift in Sources */ = {isa = PBXBuildFile; fileRef = 33D650892410C4F600FBCA08 /* SwiftUI_TodoExampleTests.swift */; };
		33D650952410C4F600FBCA08 /* SwiftUI_TodoExampleUITests.swift in Sources */ = {isa = PBXBuildFile; fileRef = 33D650942410C4F600FBCA08 /* SwiftUI_TodoExampleUITests.swift */; };
/* End PBXBuildFile section */

/* Begin PBXContainerItemProxy section */
		33D650862410C4F600FBCA08 /* PBXContainerItemProxy */ = {
			isa = PBXContainerItemProxy;
			containerPortal = 33D650672410C4F400FBCA08 /* Project object */;
			proxyType = 1;
			remoteGlobalIDString = 33D6506E2410C4F400FBCA08;
			remoteInfo = SwiftUI_TodoExample;
		};
		33D650912410C4F600FBCA08 /* PBXContainerItemProxy */ = {
			isa = PBXContainerItemProxy;
			containerPortal = 33D650672410C4F400FBCA08 /* Project object */;
			proxyType = 1;
			remoteGlobalIDString = 33D6506E2410C4F400FBCA08;
			remoteInfo = SwiftUI_TodoExample;
		};
/* End PBXContainerItemProxy section */

/* Begin PBXFileReference section */
		33D6506F2410C4F400FBCA08 /* SwiftUI_TodoExample.app */ = {isa = PBXFileReference; explicitFileType = wrapper.application; includeInIndex = 0; path = SwiftUI_TodoExample.app; sourceTree = BUILT_PRODUCTS_DIR; };
		33D650722410C4F400FBCA08 /* AppDelegate.swift */ = {isa = PBXFileReference; lastKnownFileType = sourcecode.swift; path = AppDelegate.swift; sourceTree = "<group>"; };
		33D650742410C4F400FBCA08 /* SceneDelegate.swift */ = {isa = PBXFileReference; lastKnownFileType = sourcecode.swift; path = SceneDelegate.swift; sourceTree = "<group>"; };
		33D650762410C4F400FBCA08 /* ContentView.swift */ = {isa = PBXFileReference; lastKnownFileType = sourcecode.swift; path = ContentView.swift; sourceTree = "<group>"; };
		33D650782410C4F500FBCA08 /* Assets.xcassets */ = {isa = PBXFileReference; lastKnownFileType = folder.assetcatalog; path = Assets.xcassets; sourceTree = "<group>"; };
		33D6507B2410C4F500FBCA08 /* Preview Assets.xcassets */ = {isa = PBXFileReference; lastKnownFileType = folder.assetcatalog; path = "Preview Assets.xcassets"; sourceTree = "<group>"; };
		33D6507E2410C4F500FBCA08 /* Base */ = {isa = PBXFileReference; lastKnownFileType = file.storyboard; name = Base; path = Base.lproj/LaunchScreen.storyboard; sourceTree = "<group>"; };
		33D650802410C4F500FBCA08 /* Info.plist */ = {isa = PBXFileReference; lastKnownFileType = text.plist.xml; path = Info.plist; sourceTree = "<group>"; };
		33D650852410C4F600FBCA08 /* SwiftUI_TodoExampleTests.xctest */ = {isa = PBXFileReference; explicitFileType = wrapper.cfbundle; includeInIndex = 0; path = SwiftUI_TodoExampleTests.xctest; sourceTree = BUILT_PRODUCTS_DIR; };
		33D650892410C4F600FBCA08 /* SwiftUI_TodoExampleTests.swift */ = {isa = PBXFileReference; lastKnownFileType = sourcecode.swift; path = SwiftUI_TodoExampleTests.swift; sourceTree = "<group>"; };
		33D6508B2410C4F600FBCA08 /* Info.plist */ = {isa = PBXFileReference; lastKnownFileType = text.plist.xml; path = Info.plist; sourceTree = "<group>"; };
		33D650902410C4F600FBCA08 /* SwiftUI_TodoExampleUITests.xctest */ = {isa = PBXFileReference; explicitFileType = wrapper.cfbundle; includeInIndex = 0; path = SwiftUI_TodoExampleUITests.xctest; sourceTree = BUILT_PRODUCTS_DIR; };
		33D650942410C4F600FBCA08 /* SwiftUI_TodoExampleUITests.swift */ = {isa = PBXFileReference; lastKnownFileType = sourcecode.swift; path = SwiftUI_TodoExampleUITests.swift; sourceTree = "<group>"; };
		33D650962410C4F600FBCA08 /* Info.plist */ = {isa = PBXFileReference; lastKnownFileType = text.plist.xml; path = Info.plist; sourceTree = "<group>"; };
/* End PBXFileReference section */

/* Begin PBXFrameworksBuildPhase section */
		33D6506C2410C4F400FBCA08 /* Frameworks */ = {
			isa = PBXFrameworksBuildPhase;
			buildActionMask = 2147483647;
			files = (
			);
			runOnlyForDeploymentPostprocessing = 0;
		};
		33D650822410C4F600FBCA08 /* Frameworks */ = {
			isa = PBXFrameworksBuildPhase;
			buildActionMask = 2147483647;
			files = (
			);
			runOnlyForDeploymentPostprocessing = 0;
		};
		33D6508D2410C4F600FBCA08 /* Frameworks */ = {
			isa = PBXFrameworksBuildPhase;
			buildActionMask = 2147483647;
			files = (
			);
			runOnlyForDeploymentPostprocessing = 0;
		};
/* End PBXFrameworksBuildPhase section */

/* Begin PBXGroup section */
		33D650662410C4F400FBCA08 = {
			isa = PBXGroup;
			children = (
				33D650712410C4F400FBCA08 /* SwiftUI_TodoExample */,
				33D650882410C4F600FBCA08 /* SwiftUI_TodoExampleTests */,
				33D650932410C4F600FBCA08 /* SwiftUI_TodoExampleUITests */,
				33D650702410C4F400FBCA08 /* Products */,
			);
			sourceTree = "<group>";
		};
		33D650702410C4F400FBCA08 /* Products */ = {
			isa = PBXGroup;
			children = (
				33D6506F2410C4F400FBCA08 /* SwiftUI_TodoExample.app */,
				33D650852410C4F600FBCA08 /* SwiftUI_TodoExampleTests.xctest */,
				33D650902410C4F600FBCA08 /* SwiftUI_TodoExampleUITests.xctest */,
			);
			name = Products;
			sourceTree = "<group>";
		};
		33D650712410C4F400FBCA08 /* SwiftUI_TodoExample */ = {
			isa = PBXGroup;
			children = (
				33D650722410C4F400FBCA08 /* AppDelegate.swift */,
				33D650742410C4F400FBCA08 /* SceneDelegate.swift */,
				33D650762410C4F400FBCA08 /* ContentView.swift */,
				33D650782410C4F500FBCA08 /* Assets.xcassets */,
				33D6507D2410C4F500FBCA08 /* LaunchScreen.storyboard */,
				33D650802410C4F500FBCA08 /* Info.plist */,
				33D6507A2410C4F500FBCA08 /* Preview Content */,
			);
			path = SwiftUI_TodoExample;
			sourceTree = "<group>";
		};
		33D6507A2410C4F500FBCA08 /* Preview Content */ = {
			isa = PBXGroup;
			children = (
				33D6507B2410C4F500FBCA08 /* Preview Assets.xcassets */,
			);
			path = "Preview Content";
			sourceTree = "<group>";
		};
		33D650882410C4F600FBCA08 /* SwiftUI_TodoExampleTests */ = {
			isa = PBXGroup;
			children = (
				33D650892410C4F600FBCA08 /* SwiftUI_TodoExampleTests.swift */,
				33D6508B2410C4F600FBCA08 /* Info.plist */,
			);
			path = SwiftUI_TodoExampleTests;
			sourceTree = "<group>";
		};
		33D650932410C4F600FBCA08 /* SwiftUI_TodoExampleUITests */ = {
			isa = PBXGroup;
			children = (
				33D650942410C4F600FBCA08 /* SwiftUI_TodoExampleUITests.swift */,
				33D650962410C4F600FBCA08 /* Info.plist */,
			);
			path = SwiftUI_TodoExampleUITests;
			sourceTree = "<group>";
		};
/* End PBXGroup section */

/* Begin PBXNativeTarget section */
		33D6506E2410C4F400FBCA08 /* SwiftUI_TodoExample */ = {
			isa = PBXNativeTarget;
			buildConfigurationList = 33D650992410C4F600FBCA08 /* Build configuration list for PBXNativeTarget "SwiftUI_TodoExample" */;
			buildPhases = (
				33D6506B2410C4F400FBCA08 /* Sources */,
				33D6506C2410C4F400FBCA08 /* Frameworks */,
				33D6506D2410C4F400FBCA08 /* Resources */,
			);
			buildRules = (
			);
			dependencies = (
			);
			name = SwiftUI_TodoExample;
			productName = SwiftUI_TodoExample;
			productReference = 33D6506F2410C4F400FBCA08 /* SwiftUI_TodoExample.app */;
			productType = "com.apple.product-type.application";
		};
		33D650842410C4F600FBCA08 /* SwiftUI_TodoExampleTests */ = {
			isa = PBXNativeTarget;
			buildConfigurationList = 33D6509C2410C4F600FBCA08 /* Build configuration list for PBXNativeTarget "SwiftUI_TodoExampleTests" */;
			buildPhases = (
				33D650812410C4F600FBCA08 /* Sources */,
				33D650822410C4F600FBCA08 /* Frameworks */,
				33D650832410C4F600FBCA08 /* Resources */,
			);
			buildRules = (
			);
			dependencies = (
				33D650872410C4F600FBCA08 /* PBXTargetDependency */,
			);
			name = SwiftUI_TodoExampleTests;
			productName = SwiftUI_TodoExampleTests;
			productReference = 33D650852410C4F600FBCA08 /* SwiftUI_TodoExampleTests.xctest */;
			productType = "com.apple.product-type.bundle.unit-test";
		};
		33D6508F2410C4F600FBCA08 /* SwiftUI_TodoExampleUITests */ = {
			isa = PBXNativeTarget;
			buildConfigurationList = 33D6509F2410C4F600FBCA08 /* Build configuration list for PBXNativeTarget "SwiftUI_TodoExampleUITests" */;
			buildPhases = (
				33D6508C2410C4F600FBCA08 /* Sources */,
				33D6508D2410C4F600FBCA08 /* Frameworks */,
				33D6508E2410C4F600FBCA08 /* Resources */,
			);
			buildRules = (
			);
			dependencies = (
				33D650922410C4F600FBCA08 /* PBXTargetDependency */,
			);
			name = SwiftUI_TodoExampleUITests;
			productName = SwiftUI_TodoExampleUITests;
			productReference = 33D650902410C4F600FBCA08 /* SwiftUI_TodoExampleUITests.xctest */;
			productType = "com.apple.product-type.bundle.ui-testing";
		};
/* End PBXNativeTarget section */

/* Begin PBXProject section */
		33D650672410C4F400FBCA08 /* Project object */ = {
			isa = PBXProject;
			attributes = {
				LastSwiftUpdateCheck = 1130;
				LastUpgradeCheck = 1130;
				ORGANIZATIONNAME = jnphgs;
				TargetAttributes = {
					33D6506E2410C4F400FBCA08 = {
						CreatedOnToolsVersion = 11.3.1;
					};
					33D650842410C4F600FBCA08 = {
						CreatedOnToolsVersion = 11.3.1;
						TestTargetID = 33D6506E2410C4F400FBCA08;
					};
					33D6508F2410C4F600FBCA08 = {
						CreatedOnToolsVersion = 11.3.1;
						TestTargetID = 33D6506E2410C4F400FBCA08;
					};
				};
			};
			buildConfigurationList = 33D6506A2410C4F400FBCA08 /* Build configuration list for PBXProject "SwiftUI_TodoExample" */;
			compatibilityVersion = "Xcode 9.3";
			developmentRegion = en;
			hasScannedForEncodings = 0;
			knownRegions = (
				en,
				Base,
			);
			mainGroup = 33D650662410C4F400FBCA08;
			productRefGroup = 33D650702410C4F400FBCA08 /* Products */;
			projectDirPath = "";
			projectRoot = "";
			targets = (
				33D6506E2410C4F400FBCA08 /* SwiftUI_TodoExample */,
				33D650842410C4F600FBCA08 /* SwiftUI_TodoExampleTests */,
				33D6508F2410C4F600FBCA08 /* SwiftUI_TodoExampleUITests */,
			);
		};
/* End PBXProject section */

/* Begin PBXResourcesBuildPhase section */
		33D6506D2410C4F400FBCA08 /* Resources */ = {
			isa = PBXResourcesBuildPhase;
			buildActionMask = 2147483647;
			files = (
				33D6507F2410C4F500FBCA08 /* LaunchScreen.storyboard in Resources */,
				33D6507C2410C4F500FBCA08 /* Preview Assets.xcassets in Resources */,
				33D650792410C4F500FBCA08 /* Assets.xcassets in Resources */,
			);
			runOnlyForDeploymentPostprocessing = 0;
		};
		33D650832410C4F600FBCA08 /* Resources */ = {
			isa = PBXResourcesBuildPhase;
			buildActionMask = 2147483647;
			files = (
			);
			runOnlyForDeploymentPostprocessing = 0;
		};
		33D6508E2410C4F600FBCA08 /* Resources */ = {
			isa = PBXResourcesBuildPhase;
			buildActionMask = 2147483647;
			files = (
			);
			runOnlyForDeploymentPostprocessing = 0;
		};
/* End PBXResourcesBuildPhase section */

/* Begin PBXSourcesBuildPhase section */
		33D6506B2410C4F400FBCA08 /* Sources */ = {
			isa = PBXSourcesBuildPhase;
			buildActionMask = 2147483647;
			files = (
				33D650732410C4F400FBCA08 /* AppDelegate.swift in Sources */,
				33D650752410C4F400FBCA08 /* SceneDelegate.swift in Sources */,
				33D650772410C4F400FBCA08 /* ContentView.swift in Sources */,
			);
			runOnlyForDeploymentPostprocessing = 0;
		};
		33D650812410C4F600FBCA08 /* Sources */ = {
			isa = PBXSourcesBuildPhase;
			buildActionMask = 2147483647;
			files = (
				33D6508A2410C4F600FBCA08 /* SwiftUI_TodoExampleTests.swift in Sources */,
			);
			runOnlyForDeploymentPostprocessing = 0;
		};
		33D6508C2410C4F600FBCA08 /* Sources */ = {
			isa = PBXSourcesBuildPhase;
			buildActionMask = 2147483647;
			files = (
				33D650952410C4F600FBCA08 /* SwiftUI_TodoExampleUITests.swift in Sources */,
			);
			runOnlyForDeploymentPostprocessing = 0;
		};
/* End PBXSourcesBuildPhase section */

/* Begin PBXTargetDependency section */
		33D650872410C4F600FBCA08 /* PBXTargetDependency */ = {
			isa = PBXTargetDependency;
			target = 33D6506E2410C4F400FBCA08 /* SwiftUI_TodoExample */;
			targetProxy = 33D650862410C4F600FBCA08 /* PBXContainerItemProxy */;
		};
		33D650922410C4F600FBCA08 /* PBXTargetDependency */ = {
			isa = PBXTargetDependency;
			target = 33D6506E2410C4F400FBCA08 /* SwiftUI_TodoExample */;
			targetProxy = 33D650912410C4F600FBCA08 /* PBXContainerItemProxy */;
		};
/* End PBXTargetDependency section */

/* Begin PBXVariantGroup section */
		33D6507D2410C4F500FBCA08 /* LaunchScreen.storyboard */ = {
			isa = PBXVariantGroup;
			children = (
				33D6507E2410C4F500FBCA08 /* Base */,
			);
			name = LaunchScreen.storyboard;
			sourceTree = "<group>";
		};
/* End PBXVariantGroup section */

/* Begin XCBuildConfiguration section */
		33D650972410C4F600FBCA08 /* Debug */ = {
			isa = XCBuildConfiguration;
			buildSettings = {
				ALWAYS_SEARCH_USER_PATHS = NO;
				CLANG_ANALYZER_NONNULL = YES;
				CLANG_ANALYZER_NUMBER_OBJECT_CONVERSION = YES_AGGRESSIVE;
				CLANG_CXX_LANGUAGE_STANDARD = "gnu++14";
				CLANG_CXX_LIBRARY = "libc++";
				CLANG_ENABLE_MODULES = YES;
				CLANG_ENABLE_OBJC_ARC = YES;
				CLANG_ENABLE_OBJC_WEAK = YES;
				CLANG_WARN_BLOCK_CAPTURE_AUTORELEASING = YES;
				CLANG_WARN_BOOL_CONVERSION = YES;
				CLANG_WARN_COMMA = YES;
				CLANG_WARN_CONSTANT_CONVERSION = YES;
				CLANG_WARN_DEPRECATED_OBJC_IMPLEMENTATIONS = YES;
				CLANG_WARN_DIRECT_OBJC_ISA_USAGE = YES_ERROR;
				CLANG_WARN_DOCUMENTATION_COMMENTS = YES;
				CLANG_WARN_EMPTY_BODY = YES;
				CLANG_WARN_ENUM_CONVERSION = YES;
				CLANG_WARN_INFINITE_RECURSION = YES;
				CLANG_WARN_INT_CONVERSION = YES;
				CLANG_WARN_NON_LITERAL_NULL_CONVERSION = YES;
				CLANG_WARN_OBJC_IMPLICIT_RETAIN_SELF = YES;
				CLANG_WARN_OBJC_LITERAL_CONVERSION = YES;
				CLANG_WARN_OBJC_ROOT_CLASS = YES_ERROR;
				CLANG_WARN_RANGE_LOOP_ANALYSIS = YES;
				CLANG_WARN_STRICT_PROTOTYPES = YES;
				CLANG_WARN_SUSPICIOUS_MOVE = YES;
				CLANG_WARN_UNGUARDED_AVAILABILITY = YES_AGGRESSIVE;
				CLANG_WARN_UNREACHABLE_CODE = YES;
				CLANG_WARN__DUPLICATE_METHOD_MATCH = YES;
				COPY_PHASE_STRIP = NO;
				DEBUG_INFORMATION_FORMAT = dwarf;
				ENABLE_STRICT_OBJC_MSGSEND = YES;
				ENABLE_TESTABILITY = YES;
				GCC_C_LANGUAGE_STANDARD = gnu11;
				GCC_DYNAMIC_NO_PIC = NO;
				GCC_NO_COMMON_BLOCKS = YES;
				GCC_OPTIMIZATION_LEVEL = 0;
				GCC_PREPROCESSOR_DEFINITIONS = (
					"DEBUG=1",
					"$(inherited)",
				);
				GCC_WARN_64_TO_32_BIT_CONVERSION = YES;
				GCC_WARN_ABOUT_RETURN_TYPE = YES_ERROR;
				GCC_WARN_UNDECLARED_SELECTOR = YES;
				GCC_WARN_UNINITIALIZED_AUTOS = YES_AGGRESSIVE;
				GCC_WARN_UNUSED_FUNCTION = YES;
				GCC_WARN_UNUSED_VARIABLE = YES;
				IPHONEOS_DEPLOYMENT_TARGET = 13.2;
				MTL_ENABLE_DEBUG_INFO = INCLUDE_SOURCE;
				MTL_FAST_MATH = YES;
				ONLY_ACTIVE_ARCH = YES;
				SDKROOT = iphoneos;
				SWIFT_ACTIVE_COMPILATION_CONDITIONS = DEBUG;
				SWIFT_OPTIMIZATION_LEVEL = "-Onone";
			};
			name = Debug;
		};
		33D650982410C4F600FBCA08 /* Release */ = {
			isa = XCBuildConfiguration;
			buildSettings = {
				ALWAYS_SEARCH_USER_PATHS = NO;
				CLANG_ANALYZER_NONNULL = YES;
				CLANG_ANALYZER_NUMBER_OBJECT_CONVERSION = YES_AGGRESSIVE;
				CLANG_CXX_LANGUAGE_STANDARD = "gnu++14";
				CLANG_CXX_LIBRARY = "libc++";
				CLANG_ENABLE_MODULES = YES;
				CLANG_ENABLE_OBJC_ARC = YES;
				CLANG_ENABLE_OBJC_WEAK = YES;
				CLANG_WARN_BLOCK_CAPTURE_AUTORELEASING = YES;
				CLANG_WARN_BOOL_CONVERSION = YES;
				CLANG_WARN_COMMA = YES;
				CLANG_WARN_CONSTANT_CONVERSION = YES;
				CLANG_WARN_DEPRECATED_OBJC_IMPLEMENTATIONS = YES;
				CLANG_WARN_DIRECT_OBJC_ISA_USAGE = YES_ERROR;
				CLANG_WARN_DOCUMENTATION_COMMENTS = YES;
				CLANG_WARN_EMPTY_BODY = YES;
				CLANG_WARN_ENUM_CONVERSION = YES;
				CLANG_WARN_INFINITE_RECURSION = YES;
				CLANG_WARN_INT_CONVERSION = YES;
				CLANG_WARN_NON_LITERAL_NULL_CONVERSION = YES;
				CLANG_WARN_OBJC_IMPLICIT_RETAIN_SELF = YES;
				CLANG_WARN_OBJC_LITERAL_CONVERSION = YES;
				CLANG_WARN_OBJC_ROOT_CLASS = YES_ERROR;
				CLANG_WARN_RANGE_LOOP_ANALYSIS = YES;
				CLANG_WARN_STRICT_PROTOTYPES = YES;
				CLANG_WARN_SUSPICIOUS_MOVE = YES;
				CLANG_WARN_UNGUARDED_AVAILABILITY = YES_AGGRESSIVE;
				CLANG_WARN_UNREACHABLE_CODE = YES;
				CLANG_WARN__DUPLICATE_METHOD_MATCH = YES;
				COPY_PHASE_STRIP = NO;
				DEBUG_INFORMATION_FORMAT = "dwarf-with-dsym";
				ENABLE_NS_ASSERTIONS = NO;
				ENABLE_STRICT_OBJC_MSGSEND = YES;
				GCC_C_LANGUAGE_STANDARD = gnu11;
				GCC_NO_COMMON_BLOCKS = YES;
				GCC_WARN_64_TO_32_BIT_CONVERSION = YES;
				GCC_WARN_ABOUT_RETURN_TYPE = YES_ERROR;
				GCC_WARN_UNDECLARED_SELECTOR = YES;
				GCC_WARN_UNINITIALIZED_AUTOS = YES_AGGRESSIVE;
				GCC_WARN_UNUSED_FUNCTION = YES;
				GCC_WARN_UNUSED_VARIABLE = YES;
				IPHONEOS_DEPLOYMENT_TARGET = 13.2;
				MTL_ENABLE_DEBUG_INFO = NO;
				MTL_FAST_MATH = YES;
				SDKROOT = iphoneos;
				SWIFT_COMPILATION_MODE = wholemodule;
				SWIFT_OPTIMIZATION_LEVEL = "-O";
				VALIDATE_PRODUCT = YES;
			};
			name = Release;
		};
		33D6509A2410C4F600FBCA08 /* Debug */ = {
			isa = XCBuildConfiguration;
			buildSettings = {
				ASSETCATALOG_COMPILER_APPICON_NAME = AppIcon;
				CODE_SIGN_STYLE = Automatic;
				DEVELOPMENT_ASSET_PATHS = "\"SwiftUI_TodoExample/Preview Content\"";
				ENABLE_PREVIEWS = YES;
				INFOPLIST_FILE = SwiftUI_TodoExample/Info.plist;
				LD_RUNPATH_SEARCH_PATHS = (
					"$(inherited)",
					"@executable_path/Frameworks",
				);
				PRODUCT_BUNDLE_IDENTIFIER = "net.jnphgs.SwiftUI-TodoExample";
				PRODUCT_NAME = "$(TARGET_NAME)";
				SWIFT_VERSION = 5.0;
				TARGETED_DEVICE_FAMILY = "1,2";
			};
			name = Debug;
		};
		33D6509B2410C4F600FBCA08 /* Release */ = {
			isa = XCBuildConfiguration;
			buildSettings = {
				ASSETCATALOG_COMPILER_APPICON_NAME = AppIcon;
				CODE_SIGN_STYLE = Automatic;
				DEVELOPMENT_ASSET_PATHS = "\"SwiftUI_TodoExample/Preview Content\"";
				ENABLE_PREVIEWS = YES;
				INFOPLIST_FILE = SwiftUI_TodoExample/Info.plist;
				LD_RUNPATH_SEARCH_PATHS = (
					"$(inherited)",
					"@executable_path/Frameworks",
				);
				PRODUCT_BUNDLE_IDENTIFIER = "net.jnphgs.SwiftUI-TodoExample";
				PRODUCT_NAME = "$(TARGET_NAME)";
				SWIFT_VERSION = 5.0;
				TARGETED_DEVICE_FAMILY = "1,2";
			};
			name = Release;
		};
		33D6509D2410C4F600FBCA08 /* Debug */ = {
			isa = XCBuildConfiguration;
			buildSettings = {
				ALWAYS_EMBED_SWIFT_STANDARD_LIBRARIES = YES;
				BUNDLE_LOADER = "$(TEST_HOST)";
				CODE_SIGN_STYLE = Automatic;
				INFOPLIST_FILE = SwiftUI_TodoExampleTests/Info.plist;
				IPHONEOS_DEPLOYMENT_TARGET = 13.2;
				LD_RUNPATH_SEARCH_PATHS = (
					"$(inherited)",
					"@executable_path/Frameworks",
					"@loader_path/Frameworks",
				);
				PRODUCT_BUNDLE_IDENTIFIER = "net.jnphgs.SwiftUI-TodoExampleTests";
				PRODUCT_NAME = "$(TARGET_NAME)";
				SWIFT_VERSION = 5.0;
				TARGETED_DEVICE_FAMILY = "1,2";
				TEST_HOST = "$(BUILT_PRODUCTS_DIR)/SwiftUI_TodoExample.app/SwiftUI_TodoExample";
			};
			name = Debug;
		};
		33D6509E2410C4F600FBCA08 /* Release */ = {
			isa = XCBuildConfiguration;
			buildSettings = {
				ALWAYS_EMBED_SWIFT_STANDARD_LIBRARIES = YES;
				BUNDLE_LOADER = "$(TEST_HOST)";
				CODE_SIGN_STYLE = Automatic;
				INFOPLIST_FILE = SwiftUI_TodoExampleTests/Info.plist;
				IPHONEOS_DEPLOYMENT_TARGET = 13.2;
				LD_RUNPATH_SEARCH_PATHS = (
					"$(inherited)",
					"@executable_path/Frameworks",
					"@loader_path/Frameworks",
				);
				PRODUCT_BUNDLE_IDENTIFIER = "net.jnphgs.SwiftUI-TodoExampleTests";
				PRODUCT_NAME = "$(TARGET_NAME)";
				SWIFT_VERSION = 5.0;
				TARGETED_DEVICE_FAMILY = "1,2";
				TEST_HOST = "$(BUILT_PRODUCTS_DIR)/SwiftUI_TodoExample.app/SwiftUI_TodoExample";
			};
			name = Release;
		};
		33D650A02410C4F600FBCA08 /* Debug */ = {
			isa = XCBuildConfiguration;
			buildSettings = {
				ALWAYS_EMBED_SWIFT_STANDARD_LIBRARIES = YES;
				CODE_SIGN_STYLE = Automatic;
				INFOPLIST_FILE = SwiftUI_TodoExampleUITests/Info.plist;
				LD_RUNPATH_SEARCH_PATHS = (
					"$(inherited)",
					"@executable_path/Frameworks",
					"@loader_path/Frameworks",
				);
				PRODUCT_BUNDLE_IDENTIFIER = "net.jnphgs.SwiftUI-TodoExampleUITests";
				PRODUCT_NAME = "$(TARGET_NAME)";
				SWIFT_VERSION = 5.0;
				TARGETED_DEVICE_FAMILY = "1,2";
				TEST_TARGET_NAME = SwiftUI_TodoExample;
			};
			name = Debug;
		};
		33D650A12410C4F600FBCA08 /* Release */ = {
			isa = XCBuildConfiguration;
			buildSettings = {
				ALWAYS_EMBED_SWIFT_STANDARD_LIBRARIES = YES;
				CODE_SIGN_STYLE = Automatic;
				INFOPLIST_FILE = SwiftUI_TodoExampleUITests/Info.plist;
				LD_RUNPATH_SEARCH_PATHS = (
					"$(inherited)",
					"@executable_path/Frameworks",
					"@loader_path/Frameworks",
				);
				PRODUCT_BUNDLE_IDENTIFIER = "net.jnphgs.SwiftUI-TodoExampleUITests";
				PRODUCT_NAME = "$(TARGET_NAME)";
				SWIFT_VERSION = 5.0;
				TARGETED_DEVICE_FAMILY = "1,2";
				TEST_TARGET_NAME = SwiftUI_TodoExample;
			};
			name = Release;
		};
/* End XCBuildConfiguration section */

/* Begin XCConfigurationList section */
		33D6506A2410C4F400FBCA08 /* Build configuration list for PBXProject "SwiftUI_TodoExample" */ = {
			isa = XCConfigurationList;
			buildConfigurations = (
				33D650972410C4F600FBCA08 /* Debug */,
				33D650982410C4F600FBCA08 /* Release */,
			);
			defaultConfigurationIsVisible = 0;
			defaultConfigurationName = Release;
		};
		33D650992410C4F600FBCA08 /* Build configuration list for PBXNativeTarget "SwiftUI_TodoExample" */ = {
			isa = XCConfigurationList;
			buildConfigurations = (
				33D6509A2410C4F600FBCA08 /* Debug */,
				33D6509B2410C4F600FBCA08 /* Release */,
			);
			defaultConfigurationIsVisible = 0;
			defaultConfigurationName = Release;
		};
		33D6509C2410C4F600FBCA08 /* Build configuration list for PBXNativeTarget "SwiftUI_TodoExampleTests" */ = {
			isa = XCConfigurationList;
			buildConfigurations = (
				33D6509D2410C4F600FBCA08 /* Debug */,
				33D6509E2410C4F600FBCA08 /* Release */,
			);
			defaultConfigurationIsVisible = 0;
			defaultConfigurationName = Release;
		};
		33D6509F2410C4F600FBCA08 /* Build configuration list for PBXNativeTarget "SwiftUI_TodoExampleUITests" */ = {
			isa = XCConfigurationList;
			buildConfigurations = (
				33D650A02410C4F600FBCA08 /* Debug */,
				33D650A12410C4F600FBCA08 /* Release */,
			);
			defaultConfigurationIsVisible = 0;
			defaultConfigurationName = Release;
		};
/* End XCConfigurationList section */
	};
	rootObject = 33D650672410C4F400FBCA08 /* Project object */;
}
